// !$*UTF8*$!
{
	archiveVersion = 1;
	classes = {
	};
	objectVersion = 46;
	objects = {

/* Begin PBXBuildFile section */
		AAACF83C1EFD667400F039C9 /* LoginViewController.swift in Sources */ = {isa = PBXBuildFile; fileRef = AAACF83B1EFD667400F039C9 /* LoginViewController.swift */; };
		AAF0E3681EFD216300AB75C1 /* AppDelegate.swift in Sources */ = {isa = PBXBuildFile; fileRef = AAF0E3671EFD216300AB75C1 /* AppDelegate.swift */; };
		AAF0E36A1EFD216300AB75C1 /* ViewController.swift in Sources */ = {isa = PBXBuildFile; fileRef = AAF0E3691EFD216300AB75C1 /* ViewController.swift */; };
		AAF0E36D1EFD216300AB75C1 /* Main.storyboard in Resources */ = {isa = PBXBuildFile; fileRef = AAF0E36B1EFD216300AB75C1 /* Main.storyboard */; };
		AAF0E36F1EFD216300AB75C1 /* Assets.xcassets in Resources */ = {isa = PBXBuildFile; fileRef = AAF0E36E1EFD216300AB75C1 /* Assets.xcassets */; };
		AAF0E3721EFD216300AB75C1 /* LaunchScreen.storyboard in Resources */ = {isa = PBXBuildFile; fileRef = AAF0E3701EFD216300AB75C1 /* LaunchScreen.storyboard */; };
/* End PBXBuildFile section */

/* Begin PBXFileReference section */
		AAACF83B1EFD667400F039C9 /* LoginViewController.swift */ = {isa = PBXFileReference; fileEncoding = 4; lastKnownFileType = sourcecode.swift; path = LoginViewController.swift; sourceTree = "<group>"; };
		AAF0E3641EFD216300AB75C1 /* SignModule.app */ = {isa = PBXFileReference; explicitFileType = wrapper.application; includeInIndex = 0; path = SignModule.app; sourceTree = BUILT_PRODUCTS_DIR; };
		AAF0E3671EFD216300AB75C1 /* AppDelegate.swift */ = {isa = PBXFileReference; lastKnownFileType = sourcecode.swift; path = AppDelegate.swift; sourceTree = "<group>"; };
		AAF0E3691EFD216300AB75C1 /* ViewController.swift */ = {isa = PBXFileReference; lastKnownFileType = sourcecode.swift; path = ViewController.swift; sourceTree = "<group>"; };
		AAF0E36C1EFD216300AB75C1 /* Base */ = {isa = PBXFileReference; lastKnownFileType = file.storyboard; name = Base; path = Base.lproj/Main.storyboard; sourceTree = "<group>"; };
		AAF0E36E1EFD216300AB75C1 /* Assets.xcassets */ = {isa = PBXFileReference; lastKnownFileType = folder.assetcatalog; path = Assets.xcassets; sourceTree = "<group>"; };
		AAF0E3711EFD216300AB75C1 /* Base */ = {isa = PBXFileReference; lastKnownFileType = file.storyboard; name = Base; path = Base.lproj/LaunchScreen.storyboard; sourceTree = "<group>"; };
		AAF0E3731EFD216300AB75C1 /* Info.plist */ = {isa = PBXFileReference; lastKnownFileType = text.plist.xml; path = Info.plist; sourceTree = "<group>"; };
/* End PBXFileReference section */

/* Begin PBXFrameworksBuildPhase section */
		AAF0E3611EFD216300AB75C1 /* Frameworks */ = {
			isa = PBXFrameworksBuildPhase;
			buildActionMask = 2147483647;
			files = (
			);
			runOnlyForDeploymentPostprocessing = 0;
		};
/* End PBXFrameworksBuildPhase section */

/* Begin PBXGroup section */
		AAACF83A1EFD667400F039C9 /* SignModule */ = {
			isa = PBXGroup;
			children = (
				AAACF83B1EFD667400F039C9 /* LoginViewController.swift */,
			);
			name = SignModule;
			path = SignModule/SignModule;
			sourceTree = "<group>";
		};
		AAF0E35B1EFD216300AB75C1 = {
			isa = PBXGroup;
			children = (
				AAACF83A1EFD667400F039C9 /* SignModule */,
				AAF0E3661EFD216300AB75C1 /* SignModule */,
				AAF0E3651EFD216300AB75C1 /* Products */,
			);
			sourceTree = "<group>";
		};
		AAF0E3651EFD216300AB75C1 /* Products */ = {
			isa = PBXGroup;
			children = (
				AAF0E3641EFD216300AB75C1 /* SignModule.app */,
			);
			name = Products;
			sourceTree = "<group>";
		};
		AAF0E3661EFD216300AB75C1 /* SignModule */ = {
			isa = PBXGroup;
			children = (
				AAF0E3671EFD216300AB75C1 /* AppDelegate.swift */,
				AAF0E3691EFD216300AB75C1 /* ViewController.swift */,
				AAF0E36B1EFD216300AB75C1 /* Main.storyboard */,
				AAF0E36E1EFD216300AB75C1 /* Assets.xcassets */,
				AAF0E3701EFD216300AB75C1 /* LaunchScreen.storyboard */,
				AAF0E3731EFD216300AB75C1 /* Info.plist */,
			);
			path = SignModule;
			sourceTree = "<group>";
		};
/* End PBXGroup section */

/* Begin PBXNativeTarget section */
		AAF0E3631EFD216300AB75C1 /* SignModule */ = {
			isa = PBXNativeTarget;
			buildConfigurationList = AAF0E3761EFD216300AB75C1 /* Build configuration list for PBXNativeTarget "SignModule" */;
			buildPhases = (
				AAF0E3601EFD216300AB75C1 /* Sources */,
				AAF0E3611EFD216300AB75C1 /* Frameworks */,
				AAF0E3621EFD216300AB75C1 /* Resources */,
			);
			buildRules = (
			);
			dependencies = (
			);
			name = SignModule;
			productName = SignModule;
			productReference = AAF0E3641EFD216300AB75C1 /* SignModule.app */;
			productType = "com.apple.product-type.application";
		};
/* End PBXNativeTarget section */

/* Begin PBXProject section */
		AAF0E35C1EFD216300AB75C1 /* Project object */ = {
			isa = PBXProject;
			attributes = {
				LastSwiftUpdateCheck = 0830;
				LastUpgradeCheck = 0830;
				ORGANIZATIONNAME = Jack;
				TargetAttributes = {
					AAF0E3631EFD216300AB75C1 = {
						CreatedOnToolsVersion = 8.3.3;
						DevelopmentTeam = GTVM2F95ZD;
						ProvisioningStyle = Automatic;
					};
				};
			};
			buildConfigurationList = AAF0E35F1EFD216300AB75C1 /* Build configuration list for PBXProject "SignModule" */;
			compatibilityVersion = "Xcode 3.2";
			developmentRegion = English;
			hasScannedForEncodings = 0;
			knownRegions = (
				en,
				Base,
			);
			mainGroup = AAF0E35B1EFD216300AB75C1;
			productRefGroup = AAF0E3651EFD216300AB75C1 /* Products */;
			projectDirPath = "";
			projectRoot = "";
			targets = (
				AAF0E3631EFD216300AB75C1 /* SignModule */,
			);
		};
/* End PBXProject section */

/* Begin PBXResourcesBuildPhase section */
		AAF0E3621EFD216300AB75C1 /* Resources */ = {
			isa = PBXResourcesBuildPhase;
			buildActionMask = 2147483647;
			files = (
				AAF0E3721EFD216300AB75C1 /* LaunchScreen.storyboard in Resources */,
				AAF0E36F1EFD216300AB75C1 /* Assets.xcassets in Resources */,
				AAF0E36D1EFD216300AB75C1 /* Main.storyboard in Resources */,
			);
			runOnlyForDeploymentPostprocessing = 0;
		};
/* End PBXResourcesBuildPhase section */

/* Begin PBXSourcesBuildPhase section */
		AAF0E3601EFD216300AB75C1 /* Sources */ = {
			isa = PBXSourcesBuildPhase;
			buildActionMask = 2147483647;
			files = (
				AAACF83C1EFD667400F039C9 /* LoginViewController.swift in Sources */,
				AAF0E36A1EFD216300AB75C1 /* ViewController.swift in Sources */,
				AAF0E3681EFD216300AB75C1 /* AppDelegate.swift in Sources */,
			);
			runOnlyForDeploymentPostprocessing = 0;
		};
/* End PBXSourcesBuildPhase section */

/* Begin PBXVariantGroup section */
		AAF0E36B1EFD216300AB75C1 /* Main.storyboard */ = {
			isa = PBXVariantGroup;
			children = (
				AAF0E36C1EFD216300AB75C1 /* Base */,
			);
			name = Main.storyboard;
			sourceTree = "<group>";
		};
		AAF0E3701EFD216300AB75C1 /* LaunchScreen.storyboard */ = {
			isa = PBXVariantGroup;
			children = (
				AAF0E3711EFD216300AB75C1 /* Base */,
			);
			name = LaunchScreen.storyboard;
			sourceTree = "<group>";
		};
/* End PBXVariantGroup section */

/* Begin XCBuildConfiguration section */
		AAF0E3741EFD216300AB75C1 /* Debug */ = {
			isa = XCBuildConfiguration;
			buildSettings = {
				ALWAYS_SEARCH_USER_PATHS = NO;
				CLANG_ANALYZER_NONNULL = YES;
				CLANG_ANALYZER_NUMBER_OBJECT_CONVERSION = YES_AGGRESSIVE;
				CLANG_CXX_LANGUAGE_STANDARD = "gnu++0x";
				CLANG_CXX_LIBRARY = "libc++";
				CLANG_ENABLE_MODULES = YES;
				CLANG_ENABLE_OBJC_ARC = YES;
				CLANG_WARN_BOOL_CONVERSION = YES;
				CLANG_WARN_CONSTANT_CONVERSION = YES;
				CLANG_WARN_DIRECT_OBJC_ISA_USAGE = YES_ERROR;
				CLANG_WARN_DOCUMENTATION_COMMENTS = YES;
				CLANG_WARN_EMPTY_BODY = YES;
				CLANG_WARN_ENUM_CONVERSION = YES;
				CLANG_WARN_INFINITE_RECURSION = YES;
				CLANG_WARN_INT_CONVERSION = YES;
				CLANG_WARN_OBJC_ROOT_CLASS = YES_ERROR;
				CLANG_WARN_SUSPICIOUS_MOVE = YES;
				CLANG_WARN_UNREACHABLE_CODE = YES;
				CLANG_WARN__DUPLICATE_METHOD_MATCH = YES;
				"CODE_SIGN_IDENTITY[sdk=iphoneos*]" = "iPhone Developer";
				COPY_PHASE_STRIP = NO;
				DEBUG_INFORMATION_FORMAT = dwarf;
				ENABLE_STRICT_OBJC_MSGSEND = YES;
				ENABLE_TESTABILITY = YES;
				GCC_C_LANGUAGE_STANDARD = gnu99;
				GCC_DYNAMIC_NO_PIC = NO;
				GCC_NO_COMMON_BLOCKS = YES;
				GCC_OPTIMIZATION_LEVEL = 0;
				GCC_PREPROCESSOR_DEFINITIONS = (
					"DEBUG=1",
					"$(inherited)",
				);
				GCC_WARN_64_TO_32_BIT_CONVERSION = YES;
				GCC_WARN_ABOUT_RETURN_TYPE = YES_ERROR;
				GCC_WARN_UNDECLARED_SELECTOR = YES;
				GCC_WARN_UNINITIALIZED_AUTOS = YES_AGGRESSIVE;
				GCC_WARN_UNUSED_FUNCTION = YES;
				GCC_WARN_UNUSED_VARIABLE = YES;
				IPHONEOS_DEPLOYMENT_TARGET = 10.3;
				MTL_ENABLE_DEBUG_INFO = YES;
				ONLY_ACTIVE_ARCH = YES;
				SDKROOT = iphoneos;
				SWIFT_ACTIVE_COMPILATION_CONDITIONS = DEBUG;
				SWIFT_OPTIMIZATION_LEVEL = "-Onone";
				TARGETED_DEVICE_FAMILY = "1,2";
			};
			name = Debug;
		};
		AAF0E3751EFD216300AB75C1 /* Release */ = {
			isa = XCBuildConfiguration;
			buildSettings = {
				ALWAYS_SEARCH_USER_PATHS = NO;
				CLANG_ANALYZER_NONNULL = YES;
				CLANG_ANALYZER_NUMBER_OBJECT_CONVERSION = YES_AGGRESSIVE;
				CLANG_CXX_LANGUAGE_STANDARD = "gnu++0x";
				CLANG_CXX_LIBRARY = "libc++";
				CLANG_ENABLE_MODULES = YES;
				CLANG_ENABLE_OBJC_ARC = YES;
				CLANG_WARN_BOOL_CONVERSION = YES;
				CLANG_WARN_CONSTANT_CONVERSION = YES;
				CLANG_WARN_DIRECT_OBJC_ISA_USAGE = YES_ERROR;
				CLANG_WARN_DOCUMENTATION_COMMENTS = YES;
				CLANG_WARN_EMPTY_BODY = YES;
				CLANG_WARN_ENUM_CONVERSION = YES;
				CLANG_WARN_INFINITE_RECURSION = YES;
				CLANG_WARN_INT_CONVERSION = YES;
				CLANG_WARN_OBJC_ROOT_CLASS = YES_ERROR;
				CLANG_WARN_SUSPICIOUS_MOVE = YES;
				CLANG_WARN_UNREACHABLE_CODE = YES;
				CLANG_WARN__DUPLICATE_METHOD_MATCH = YES;
				"CODE_SIGN_IDENTITY[sdk=iphoneos*]" = "iPhone Developer";
				COPY_PHASE_STRIP = NO;
				DEBUG_INFORMATION_FORMAT = "dwarf-with-dsym";
				ENABLE_NS_ASSERTIONS = NO;
				ENABLE_STRICT_OBJC_MSGSEND = YES;
				GCC_C_LANGUAGE_STANDARD = gnu99;
				GCC_NO_COMMON_BLOCKS = YES;
				GCC_WARN_64_TO_32_BIT_CONVERSION = YES;
				GCC_WARN_ABOUT_RETURN_TYPE = YES_ERROR;
				GCC_WARN_UNDECLARED_SELECTOR = YES;
				GCC_WARN_UNINITIALIZED_AUTOS = YES_AGGRESSIVE;
				GCC_WARN_UNUSED_FUNCTION = YES;
				GCC_WARN_UNUSED_VARIABLE = YES;
				IPHONEOS_DEPLOYMENT_TARGET = 10.3;
				MTL_ENABLE_DEBUG_INFO = NO;
				SDKROOT = iphoneos;
				SWIFT_OPTIMIZATION_LEVEL = "-Owholemodule";
				TARGETED_DEVICE_FAMILY = "1,2";
				VALIDATE_PRODUCT = YES;
			};
			name = Release;
		};
		AAF0E3771EFD216300AB75C1 /* Debug */ = {
			isa = XCBuildConfiguration;
			buildSettings = {
				ASSETCATALOG_COMPILER_APPICON_NAME = AppIcon;
				DEVELOPMENT_TEAM = GTVM2F95ZD;
				INFOPLIST_FILE = SignModule/Info.plist;
				LD_RUNPATH_SEARCH_PATHS = "$(inherited) @executable_path/Frameworks";
				PRODUCT_BUNDLE_IDENTIFIER = com.ele.SignModule;
				PRODUCT_NAME = "$(TARGET_NAME)";
				SWIFT_VERSION = 3.0;
			};
			name = Debug;
		};
		AAF0E3781EFD216300AB75C1 /* Release */ = {
			isa = XCBuildConfiguration;
			buildSettings = {
				ASSETCATALOG_COMPILER_APPICON_NAME = AppIcon;
				DEVELOPMENT_TEAM = GTVM2F95ZD;
				INFOPLIST_FILE = SignModule/Info.plist;
				LD_RUNPATH_SEARCH_PATHS = "$(inherited) @executable_path/Frameworks";
				PRODUCT_BUNDLE_IDENTIFIER = com.ele.SignModule;
				PRODUCT_NAME = "$(TARGET_NAME)";
				SWIFT_VERSION = 3.0;
			};
			name = Release;
		};
/* End XCBuildConfiguration section */

/* Begin XCConfigurationList section */
		AAF0E35F1EFD216300AB75C1 /* Build configuration list for PBXProject "SignModule" */ = {
			isa = XCConfigurationList;
			buildConfigurations = (
				AAF0E3741EFD216300AB75C1 /* Debug */,
				AAF0E3751EFD216300AB75C1 /* Release */,
			);
			defaultConfigurationIsVisible = 0;
			defaultConfigurationName = Release;
		};
		AAF0E3761EFD216300AB75C1 /* Build configuration list for PBXNativeTarget "SignModule" */ = {
			isa = XCConfigurationList;
			buildConfigurations = (
				AAF0E3771EFD216300AB75C1 /* Debug */,
				AAF0E3781EFD216300AB75C1 /* Release */,
			);
			defaultConfigurationIsVisible = 0;
			defaultConfigurationName = Release;
		};
/* End XCConfigurationList section */
	};
	rootObject = AAF0E35C1EFD216300AB75C1 /* Project object */;
}
